
Microsoft Visual Studio Solution File, Format Version 12.00
# Visual Studio Version 16
VisualStudioVersion = 16.0.30413.136
MinimumVisualStudioVersion = 10.0.40219.1
Project("{FAE04EC0-301F-11D3-BF4B-00C04F79EFBC}") = "CertificateValidators", "CertificateValidators\CertificateValidators.csproj", "{13E45B59-DA2B-4950-8A85-3A93CFD2C25D}"
EndProject
Global
	GlobalSection(SolutionConfigurationPlatforms) = preSolution
		Debug|Any CPU = Debug|Any CPU
		Release|Any CPU = Release|Any CPU
	EndGlobalSection
	GlobalSection(ProjectConfigurationPlatforms) = postSolution
		{13E45B59-DA2B-4950-8A85-3A93CFD2C25D}.Debug|Any CPU.ActiveCfg = Debug|Any CPU
		{13E45B59-DA2B-4950-8A85-3A93CFD2C25D}.Debug|Any CPU.Build.0 = Debug|Any CPU
		{13E45B59-DA2B-4950-8A85-3A93CFD2C25D}.Release|Any CPU.ActiveCfg = Release|Any CPU
		{13E45B59-DA2B-4950-8A85-3A93CFD2C25D}.Release|Any CPU.Build.0 = Release|Any CPU
	EndGlobalSection
	GlobalSection(SolutionProperties) = preSolution
		HideSolutionNode = FALSE
	EndGlobalSection
	GlobalSection(ExtensibilityGlobals) = postSolution
		SolutionGuid = {B7D5E71A-78C8-4520-8F5E-F201A2A140CE}
	EndGlobalSection
EndGlobal
